
Microsoft Visual Studio Solution File, Format Version 12.00
# Visual Studio Version 17
VisualStudioVersion = 17.10.35122.118
MinimumVisualStudioVersion = 10.0.40219.1
Project("{FAE04EC0-301F-11D3-BF4B-00C04F79EFBC}") = "AGProblemaMochila", "AGProblemaMochila\AGProblemaMochila.csproj", "{BB2A0145-2905-452A-8A26-3ED3CC2DCB10}"
EndProject
Global
	GlobalSection(SolutionConfigurationPlatforms) = preSolution
		Debug|Any CPU = Debug|Any CPU
		Release|Any CPU = Release|Any CPU
	EndGlobalSection
	GlobalSection(ProjectConfigurationPlatforms) = postSolution
		{BB2A0145-2905-452A-8A26-3ED3CC2DCB10}.Debug|Any CPU.ActiveCfg = Debug|Any CPU
		{BB2A0145-2905-452A-8A26-3ED3CC2DCB10}.Debug|Any CPU.Build.0 = Debug|Any CPU
		{BB2A0145-2905-452A-8A26-3ED3CC2DCB10}.Release|Any CPU.ActiveCfg = Release|Any CPU
		{BB2A0145-2905-452A-8A26-3ED3CC2DCB10}.Release|Any CPU.Build.0 = Release|Any CPU
	EndGlobalSection
	GlobalSection(SolutionProperties) = preSolution
		HideSolutionNode = FALSE
	EndGlobalSection
	GlobalSection(ExtensibilityGlobals) = postSolution
		SolutionGuid = {6D89F6D9-3D31-4DDC-A4B0-8CA6CA18842D}
	EndGlobalSection
EndGlobal
